
Microsoft Visual Studio Solution File, Format Version 12.00
# Visual Studio Version 17
VisualStudioVersion = 17.2.32526.322
MinimumVisualStudioVersion = 10.0.40219.1
Project("{FAE04EC0-301F-11D3-BF4B-00C04F79EFBC}") = "inf04_akcje_na_plikach", "inf04_akcje_na_plikach\inf04_akcje_na_plikach.csproj", "{74E5852D-04D9-4EAF-AE0A-D7E00B359675}"
EndProject
Global
	GlobalSection(SolutionConfigurationPlatforms) = preSolution
		Debug|Any CPU = Debug|Any CPU
		Release|Any CPU = Release|Any CPU
	EndGlobalSection
	GlobalSection(ProjectConfigurationPlatforms) = postSolution
		{74E5852D-04D9-4EAF-AE0A-D7E00B359675}.Debug|Any CPU.ActiveCfg = Debug|Any CPU
		{74E5852D-04D9-4EAF-AE0A-D7E00B359675}.Debug|Any CPU.Build.0 = Debug|Any CPU
		{74E5852D-04D9-4EAF-AE0A-D7E00B359675}.Release|Any CPU.ActiveCfg = Release|Any CPU
		{74E5852D-04D9-4EAF-AE0A-D7E00B359675}.Release|Any CPU.Build.0 = Release|Any CPU
	EndGlobalSection
	GlobalSection(SolutionProperties) = preSolution
		HideSolutionNode = FALSE
	EndGlobalSection
	GlobalSection(ExtensibilityGlobals) = postSolution
		SolutionGuid = {5726B71D-8103-441A-BF3D-A9E3BCD11117}
	EndGlobalSection
EndGlobal
